// !$*UTF8*$!
{
	archiveVersion = 1;
	classes = {
	};
	objectVersion = 56;
	objects = {

/* Begin PBXBuildFile section */
		6B4266792A5E8FBD00702AF1 /* OnboardingView.swift in Sources */ = {isa = PBXBuildFile; fileRef = 6B4266782A5E8FBD00702AF1 /* OnboardingView.swift */; };
		6B42667C2A5E95BC00702AF1 /* FruitModel.swift in Sources */ = {isa = PBXBuildFile; fileRef = 6B42667B2A5E95BC00702AF1 /* FruitModel.swift */; };
		6B42667F2A5E976600702AF1 /* FruitData.swift in Sources */ = {isa = PBXBuildFile; fileRef = 6B42667E2A5E976600702AF1 /* FruitData.swift */; };
		6B4266812A5EB50C00702AF1 /* FruitRowView.swift in Sources */ = {isa = PBXBuildFile; fileRef = 6B4266802A5EB50C00702AF1 /* FruitRowView.swift */; };
		6B4266852A5ED5AF00702AF1 /* FruitDetailView.swift in Sources */ = {isa = PBXBuildFile; fileRef = 6B4266842A5ED5AF00702AF1 /* FruitDetailView.swift */; };
		6B4266872A5EDCEC00702AF1 /* FruitHeaderView.swift in Sources */ = {isa = PBXBuildFile; fileRef = 6B4266862A5EDCEC00702AF1 /* FruitHeaderView.swift */; };
		6B4266892A5EE9F600702AF1 /* SourceLinkView.swift in Sources */ = {isa = PBXBuildFile; fileRef = 6B4266882A5EE9F600702AF1 /* SourceLinkView.swift */; };
		6B42668B2A5EEE4C00702AF1 /* FruitNutrientsView.swift in Sources */ = {isa = PBXBuildFile; fileRef = 6B42668A2A5EEE4C00702AF1 /* FruitNutrientsView.swift */; };
		6B542E192A5D942F00DA3121 /* FructusApp.swift in Sources */ = {isa = PBXBuildFile; fileRef = 6B542E182A5D942F00DA3121 /* FructusApp.swift */; };
		6B542E1B2A5D942F00DA3121 /* ContentView.swift in Sources */ = {isa = PBXBuildFile; fileRef = 6B542E1A2A5D942F00DA3121 /* ContentView.swift */; };
		6B542E1D2A5D943000DA3121 /* Assets.xcassets in Resources */ = {isa = PBXBuildFile; fileRef = 6B542E1C2A5D943000DA3121 /* Assets.xcassets */; };
		6B542E202A5D943000DA3121 /* Preview Assets.xcassets in Resources */ = {isa = PBXBuildFile; fileRef = 6B542E1F2A5D943000DA3121 /* Preview Assets.xcassets */; };
		6BDC295D2A5DB44C00FB556C /* FruitCardView.swift in Sources */ = {isa = PBXBuildFile; fileRef = 6BDC295C2A5DB44C00FB556C /* FruitCardView.swift */; };
		6BDC295F2A5DBD4A00FB556C /* StartButtonView.swift in Sources */ = {isa = PBXBuildFile; fileRef = 6BDC295E2A5DBD4A00FB556C /* StartButtonView.swift */; };
/* End PBXBuildFile section */

/* Begin PBXFileReference section */
		6B4266782A5E8FBD00702AF1 /* OnboardingView.swift */ = {isa = PBXFileReference; lastKnownFileType = sourcecode.swift; path = OnboardingView.swift; sourceTree = "<group>"; };
		6B42667B2A5E95BC00702AF1 /* FruitModel.swift */ = {isa = PBXFileReference; lastKnownFileType = sourcecode.swift; path = FruitModel.swift; sourceTree = "<group>"; };
		6B42667E2A5E976600702AF1 /* FruitData.swift */ = {isa = PBXFileReference; lastKnownFileType = sourcecode.swift; path = FruitData.swift; sourceTree = "<group>"; };
		6B4266802A5EB50C00702AF1 /* FruitRowView.swift */ = {isa = PBXFileReference; lastKnownFileType = sourcecode.swift; path = FruitRowView.swift; sourceTree = "<group>"; };
		6B4266842A5ED5AF00702AF1 /* FruitDetailView.swift */ = {isa = PBXFileReference; lastKnownFileType = sourcecode.swift; path = FruitDetailView.swift; sourceTree = "<group>"; };
		6B4266862A5EDCEC00702AF1 /* FruitHeaderView.swift */ = {isa = PBXFileReference; lastKnownFileType = sourcecode.swift; path = FruitHeaderView.swift; sourceTree = "<group>"; };
		6B4266882A5EE9F600702AF1 /* SourceLinkView.swift */ = {isa = PBXFileReference; lastKnownFileType = sourcecode.swift; path = SourceLinkView.swift; sourceTree = "<group>"; };
		6B42668A2A5EEE4C00702AF1 /* FruitNutrientsView.swift */ = {isa = PBXFileReference; lastKnownFileType = sourcecode.swift; path = FruitNutrientsView.swift; sourceTree = "<group>"; };
		6B542E152A5D942F00DA3121 /* Fructus.app */ = {isa = PBXFileReference; explicitFileType = wrapper.application; includeInIndex = 0; path = Fructus.app; sourceTree = BUILT_PRODUCTS_DIR; };
		6B542E182A5D942F00DA3121 /* FructusApp.swift */ = {isa = PBXFileReference; lastKnownFileType = sourcecode.swift; path = FructusApp.swift; sourceTree = "<group>"; };
		6B542E1A2A5D942F00DA3121 /* ContentView.swift */ = {isa = PBXFileReference; lastKnownFileType = sourcecode.swift; path = ContentView.swift; sourceTree = "<group>"; };
		6B542E1C2A5D943000DA3121 /* Assets.xcassets */ = {isa = PBXFileReference; lastKnownFileType = folder.assetcatalog; path = Assets.xcassets; sourceTree = "<group>"; };
		6B542E1F2A5D943000DA3121 /* Preview Assets.xcassets */ = {isa = PBXFileReference; lastKnownFileType = folder.assetcatalog; path = "Preview Assets.xcassets"; sourceTree = "<group>"; };
		6BDC295C2A5DB44C00FB556C /* FruitCardView.swift */ = {isa = PBXFileReference; lastKnownFileType = sourcecode.swift; path = FruitCardView.swift; sourceTree = "<group>"; };
		6BDC295E2A5DBD4A00FB556C /* StartButtonView.swift */ = {isa = PBXFileReference; lastKnownFileType = sourcecode.swift; path = StartButtonView.swift; sourceTree = "<group>"; };
/* End PBXFileReference section */

/* Begin PBXFrameworksBuildPhase section */
		6B542E122A5D942F00DA3121 /* Frameworks */ = {
			isa = PBXFrameworksBuildPhase;
			buildActionMask = 2147483647;
			files = (
			);
			runOnlyForDeploymentPostprocessing = 0;
		};
/* End PBXFrameworksBuildPhase section */

/* Begin PBXGroup section */
		6B42667A2A5E958E00702AF1 /* Model */ = {
			isa = PBXGroup;
			children = (
				6B42667B2A5E95BC00702AF1 /* FruitModel.swift */,
			);
			path = Model;
			sourceTree = "<group>";
		};
		6B42667D2A5E973C00702AF1 /* Data */ = {
			isa = PBXGroup;
			children = (
				6B42667E2A5E976600702AF1 /* FruitData.swift */,
			);
			path = Data;
			sourceTree = "<group>";
		};
		6B542E0C2A5D942F00DA3121 = {
			isa = PBXGroup;
			children = (
				6B542E172A5D942F00DA3121 /* Fructus */,
				6B542E162A5D942F00DA3121 /* Products */,
			);
			sourceTree = "<group>";
		};
		6B542E162A5D942F00DA3121 /* Products */ = {
			isa = PBXGroup;
			children = (
				6B542E152A5D942F00DA3121 /* Fructus.app */,
			);
			name = Products;
			sourceTree = "<group>";
		};
		6B542E172A5D942F00DA3121 /* Fructus */ = {
			isa = PBXGroup;
			children = (
				6B42667D2A5E973C00702AF1 /* Data */,
				6B42667A2A5E958E00702AF1 /* Model */,
				6BDC295B2A5DB40400FB556C /* View */,
				6BDC295A2A5DB3BF00FB556C /* App */,
				6B542E1C2A5D943000DA3121 /* Assets.xcassets */,
				6B542E1E2A5D943000DA3121 /* Preview Content */,
			);
			path = Fructus;
			sourceTree = "<group>";
		};
		6B542E1E2A5D943000DA3121 /* Preview Content */ = {
			isa = PBXGroup;
			children = (
				6B542E1F2A5D943000DA3121 /* Preview Assets.xcassets */,
			);
			path = "Preview Content";
			sourceTree = "<group>";
		};
		6BDC295A2A5DB3BF00FB556C /* App */ = {
			isa = PBXGroup;
			children = (
				6B542E1A2A5D942F00DA3121 /* ContentView.swift */,
				6B542E182A5D942F00DA3121 /* FructusApp.swift */,
				6B4266782A5E8FBD00702AF1 /* OnboardingView.swift */,
				6B4266842A5ED5AF00702AF1 /* FruitDetailView.swift */,
			);
			path = App;
			sourceTree = "<group>";
		};
		6BDC295B2A5DB40400FB556C /* View */ = {
			isa = PBXGroup;
			children = (
				6BDC295C2A5DB44C00FB556C /* FruitCardView.swift */,
				6BDC295E2A5DBD4A00FB556C /* StartButtonView.swift */,
				6B4266802A5EB50C00702AF1 /* FruitRowView.swift */,
				6B4266862A5EDCEC00702AF1 /* FruitHeaderView.swift */,
				6B4266882A5EE9F600702AF1 /* SourceLinkView.swift */,
				6B42668A2A5EEE4C00702AF1 /* FruitNutrientsView.swift */,
			);
			path = View;
			sourceTree = "<group>";
		};
/* End PBXGroup section */

/* Begin PBXNativeTarget section */
		6B542E142A5D942F00DA3121 /* Fructus */ = {
			isa = PBXNativeTarget;
			buildConfigurationList = 6B542E232A5D943000DA3121 /* Build configuration list for PBXNativeTarget "Fructus" */;
			buildPhases = (
				6B542E112A5D942F00DA3121 /* Sources */,
				6B542E122A5D942F00DA3121 /* Frameworks */,
				6B542E132A5D942F00DA3121 /* Resources */,
			);
			buildRules = (
			);
			dependencies = (
			);
			name = Fructus;
			productName = Fructus;
			productReference = 6B542E152A5D942F00DA3121 /* Fructus.app */;
			productType = "com.apple.product-type.application";
		};
/* End PBXNativeTarget section */

/* Begin PBXProject section */
		6B542E0D2A5D942F00DA3121 /* Project object */ = {
			isa = PBXProject;
			attributes = {
				BuildIndependentTargetsInParallel = 1;
				LastSwiftUpdateCheck = 1430;
				LastUpgradeCheck = 1430;
				TargetAttributes = {
					6B542E142A5D942F00DA3121 = {
						CreatedOnToolsVersion = 14.3.1;
					};
				};
			};
			buildConfigurationList = 6B542E102A5D942F00DA3121 /* Build configuration list for PBXProject "Fructus" */;
			compatibilityVersion = "Xcode 14.0";
			developmentRegion = en;
			hasScannedForEncodings = 0;
			knownRegions = (
				en,
				Base,
			);
			mainGroup = 6B542E0C2A5D942F00DA3121;
			productRefGroup = 6B542E162A5D942F00DA3121 /* Products */;
			projectDirPath = "";
			projectRoot = "";
			targets = (
				6B542E142A5D942F00DA3121 /* Fructus */,
			);
		};
/* End PBXProject section */

/* Begin PBXResourcesBuildPhase section */
		6B542E132A5D942F00DA3121 /* Resources */ = {
			isa = PBXResourcesBuildPhase;
			buildActionMask = 2147483647;
			files = (
				6B542E202A5D943000DA3121 /* Preview Assets.xcassets in Resources */,
				6B542E1D2A5D943000DA3121 /* Assets.xcassets in Resources */,
			);
			runOnlyForDeploymentPostprocessing = 0;
		};
/* End PBXResourcesBuildPhase section */

/* Begin PBXSourcesBuildPhase section */
		6B542E112A5D942F00DA3121 /* Sources */ = {
			isa = PBXSourcesBuildPhase;
			buildActionMask = 2147483647;
			files = (
				6B42667F2A5E976600702AF1 /* FruitData.swift in Sources */,
				6B4266892A5EE9F600702AF1 /* SourceLinkView.swift in Sources */,
				6BDC295D2A5DB44C00FB556C /* FruitCardView.swift in Sources */,
				6B4266812A5EB50C00702AF1 /* FruitRowView.swift in Sources */,
				6B42668B2A5EEE4C00702AF1 /* FruitNutrientsView.swift in Sources */,
				6BDC295F2A5DBD4A00FB556C /* StartButtonView.swift in Sources */,
				6B4266852A5ED5AF00702AF1 /* FruitDetailView.swift in Sources */,
				6B542E1B2A5D942F00DA3121 /* ContentView.swift in Sources */,
				6B4266872A5EDCEC00702AF1 /* FruitHeaderView.swift in Sources */,
				6B4266792A5E8FBD00702AF1 /* OnboardingView.swift in Sources */,
				6B42667C2A5E95BC00702AF1 /* FruitModel.swift in Sources */,
				6B542E192A5D942F00DA3121 /* FructusApp.swift in Sources */,
			);
			runOnlyForDeploymentPostprocessing = 0;
		};
/* End PBXSourcesBuildPhase section */

/* Begin XCBuildConfiguration section */
		6B542E212A5D943000DA3121 /* Debug */ = {
			isa = XCBuildConfiguration;
			buildSettings = {
				ALWAYS_SEARCH_USER_PATHS = NO;
				CLANG_ANALYZER_NONNULL = YES;
				CLANG_ANALYZER_NUMBER_OBJECT_CONVERSION = YES_AGGRESSIVE;
				CLANG_CXX_LANGUAGE_STANDARD = "gnu++20";
				CLANG_ENABLE_MODULES = YES;
				CLANG_ENABLE_OBJC_ARC = YES;
				CLANG_ENABLE_OBJC_WEAK = YES;
				CLANG_WARN_BLOCK_CAPTURE_AUTORELEASING = YES;
				CLANG_WARN_BOOL_CONVERSION = YES;
				CLANG_WARN_COMMA = YES;
				CLANG_WARN_CONSTANT_CONVERSION = YES;
				CLANG_WARN_DEPRECATED_OBJC_IMPLEMENTATIONS = YES;
				CLANG_WARN_DIRECT_OBJC_ISA_USAGE = YES_ERROR;
				CLANG_WARN_DOCUMENTATION_COMMENTS = YES;
				CLANG_WARN_EMPTY_BODY = YES;
				CLANG_WARN_ENUM_CONVERSION = YES;
				CLANG_WARN_INFINITE_RECURSION = YES;
				CLANG_WARN_INT_CONVERSION = YES;
				CLANG_WARN_NON_LITERAL_NULL_CONVERSION = YES;
				CLANG_WARN_OBJC_IMPLICIT_RETAIN_SELF = YES;
				CLANG_WARN_OBJC_LITERAL_CONVERSION = YES;
				CLANG_WARN_OBJC_ROOT_CLASS = YES_ERROR;
				CLANG_WARN_QUOTED_INCLUDE_IN_FRAMEWORK_HEADER = YES;
				CLANG_WARN_RANGE_LOOP_ANALYSIS = YES;
				CLANG_WARN_STRICT_PROTOTYPES = YES;
				CLANG_WARN_SUSPICIOUS_MOVE = YES;
				CLANG_WARN_UNGUARDED_AVAILABILITY = YES_AGGRESSIVE;
				CLANG_WARN_UNREACHABLE_CODE = YES;
				CLANG_WARN__DUPLICATE_METHOD_MATCH = YES;
				COPY_PHASE_STRIP = NO;
				DEBUG_INFORMATION_FORMAT = dwarf;
				ENABLE_STRICT_OBJC_MSGSEND = YES;
				ENABLE_TESTABILITY = YES;
				GCC_C_LANGUAGE_STANDARD = gnu11;
				GCC_DYNAMIC_NO_PIC = NO;
				GCC_NO_COMMON_BLOCKS = YES;
				GCC_OPTIMIZATION_LEVEL = 0;
				GCC_PREPROCESSOR_DEFINITIONS = (
					"DEBUG=1",
					"$(inherited)",
				);
				GCC_WARN_64_TO_32_BIT_CONVERSION = YES;
				GCC_WARN_ABOUT_RETURN_TYPE = YES_ERROR;
				GCC_WARN_UNDECLARED_SELECTOR = YES;
				GCC_WARN_UNINITIALIZED_AUTOS = YES_AGGRESSIVE;
				GCC_WARN_UNUSED_FUNCTION = YES;
				GCC_WARN_UNUSED_VARIABLE = YES;
				IPHONEOS_DEPLOYMENT_TARGET = 16.4;
				MTL_ENABLE_DEBUG_INFO = INCLUDE_SOURCE;
				MTL_FAST_MATH = YES;
				ONLY_ACTIVE_ARCH = YES;
				SDKROOT = iphoneos;
				SWIFT_ACTIVE_COMPILATION_CONDITIONS = DEBUG;
				SWIFT_OPTIMIZATION_LEVEL = "-Onone";
			};
			name = Debug;
		};
		6B542E222A5D943000DA3121 /* Release */ = {
			isa = XCBuildConfiguration;
			buildSettings = {
				ALWAYS_SEARCH_USER_PATHS = NO;
				CLANG_ANALYZER_NONNULL = YES;
				CLANG_ANALYZER_NUMBER_OBJECT_CONVERSION = YES_AGGRESSIVE;
				CLANG_CXX_LANGUAGE_STANDARD = "gnu++20";
				CLANG_ENABLE_MODULES = YES;
				CLANG_ENABLE_OBJC_ARC = YES;
				CLANG_ENABLE_OBJC_WEAK = YES;
				CLANG_WARN_BLOCK_CAPTURE_AUTORELEASING = YES;
				CLANG_WARN_BOOL_CONVERSION = YES;
				CLANG_WARN_COMMA = YES;
				CLANG_WARN_CONSTANT_CONVERSION = YES;
				CLANG_WARN_DEPRECATED_OBJC_IMPLEMENTATIONS = YES;
				CLANG_WARN_DIRECT_OBJC_ISA_USAGE = YES_ERROR;
				CLANG_WARN_DOCUMENTATION_COMMENTS = YES;
				CLANG_WARN_EMPTY_BODY = YES;
				CLANG_WARN_ENUM_CONVERSION = YES;
				CLANG_WARN_INFINITE_RECURSION = YES;
				CLANG_WARN_INT_CONVERSION = YES;
				CLANG_WARN_NON_LITERAL_NULL_CONVERSION = YES;
				CLANG_WARN_OBJC_IMPLICIT_RETAIN_SELF = YES;
				CLANG_WARN_OBJC_LITERAL_CONVERSION = YES;
				CLANG_WARN_OBJC_ROOT_CLASS = YES_ERROR;
				CLANG_WARN_QUOTED_INCLUDE_IN_FRAMEWORK_HEADER = YES;
				CLANG_WARN_RANGE_LOOP_ANALYSIS = YES;
				CLANG_WARN_STRICT_PROTOTYPES = YES;
				CLANG_WARN_SUSPICIOUS_MOVE = YES;
				CLANG_WARN_UNGUARDED_AVAILABILITY = YES_AGGRESSIVE;
				CLANG_WARN_UNREACHABLE_CODE = YES;
				CLANG_WARN__DUPLICATE_METHOD_MATCH = YES;
				COPY_PHASE_STRIP = NO;
				DEBUG_INFORMATION_FORMAT = "dwarf-with-dsym";
				ENABLE_NS_ASSERTIONS = NO;
				ENABLE_STRICT_OBJC_MSGSEND = YES;
				GCC_C_LANGUAGE_STANDARD = gnu11;
				GCC_NO_COMMON_BLOCKS = YES;
				GCC_WARN_64_TO_32_BIT_CONVERSION = YES;
				GCC_WARN_ABOUT_RETURN_TYPE = YES_ERROR;
				GCC_WARN_UNDECLARED_SELECTOR = YES;
				GCC_WARN_UNINITIALIZED_AUTOS = YES_AGGRESSIVE;
				GCC_WARN_UNUSED_FUNCTION = YES;
				GCC_WARN_UNUSED_VARIABLE = YES;
				IPHONEOS_DEPLOYMENT_TARGET = 16.4;
				MTL_ENABLE_DEBUG_INFO = NO;
				MTL_FAST_MATH = YES;
				SDKROOT = iphoneos;
				SWIFT_COMPILATION_MODE = wholemodule;
				SWIFT_OPTIMIZATION_LEVEL = "-O";
				VALIDATE_PRODUCT = YES;
			};
			name = Release;
		};
		6B542E242A5D943000DA3121 /* Debug */ = {
			isa = XCBuildConfiguration;
			buildSettings = {
				ASSETCATALOG_COMPILER_APPICON_NAME = AppIcon;
				ASSETCATALOG_COMPILER_GLOBAL_ACCENT_COLOR_NAME = AccentColor;
				CODE_SIGN_STYLE = Automatic;
				CURRENT_PROJECT_VERSION = 1;
				DEVELOPMENT_ASSET_PATHS = "\"Fructus/Preview Content\"";
				DEVELOPMENT_TEAM = UXC7U9N9AB;
				ENABLE_PREVIEWS = YES;
				GENERATE_INFOPLIST_FILE = YES;
				INFOPLIST_KEY_UIApplicationSceneManifest_Generation = YES;
				INFOPLIST_KEY_UIApplicationSupportsIndirectInputEvents = YES;
				INFOPLIST_KEY_UILaunchScreen_Generation = YES;
				INFOPLIST_KEY_UISupportedInterfaceOrientations = UIInterfaceOrientationPortrait;
				LD_RUNPATH_SEARCH_PATHS = (
					"$(inherited)",
					"@executable_path/Frameworks",
				);
				MARKETING_VERSION = 1.0;
				PRODUCT_BUNDLE_IDENTIFIER = com.sajakkrystyna.Fructus;
				PRODUCT_NAME = "$(TARGET_NAME)";
				SWIFT_EMIT_LOC_STRINGS = YES;
				SWIFT_VERSION = 5.0;
				TARGETED_DEVICE_FAMILY = "1,2";
			};
			name = Debug;
		};
		6B542E252A5D943000DA3121 /* Release */ = {
			isa = XCBuildConfiguration;
			buildSettings = {
				ASSETCATALOG_COMPILER_APPICON_NAME = AppIcon;
				ASSETCATALOG_COMPILER_GLOBAL_ACCENT_COLOR_NAME = AccentColor;
				CODE_SIGN_STYLE = Automatic;
				CURRENT_PROJECT_VERSION = 1;
				DEVELOPMENT_ASSET_PATHS = "\"Fructus/Preview Content\"";
				DEVELOPMENT_TEAM = UXC7U9N9AB;
				ENABLE_PREVIEWS = YES;
				GENERATE_INFOPLIST_FILE = YES;
				INFOPLIST_KEY_UIApplicationSceneManifest_Generation = YES;
				INFOPLIST_KEY_UIApplicationSupportsIndirectInputEvents = YES;
				INFOPLIST_KEY_UILaunchScreen_Generation = YES;
				INFOPLIST_KEY_UISupportedInterfaceOrientations = UIInterfaceOrientationPortrait;
				LD_RUNPATH_SEARCH_PATHS = (
					"$(inherited)",
					"@executable_path/Frameworks",
				);
				MARKETING_VERSION = 1.0;
				PRODUCT_BUNDLE_IDENTIFIER = com.sajakkrystyna.Fructus;
				PRODUCT_NAME = "$(TARGET_NAME)";
				SWIFT_EMIT_LOC_STRINGS = YES;
				SWIFT_VERSION = 5.0;
				TARGETED_DEVICE_FAMILY = "1,2";
			};
			name = Release;
		};
/* End XCBuildConfiguration section */

/* Begin XCConfigurationList section */
		6B542E102A5D942F00DA3121 /* Build configuration list for PBXProject "Fructus" */ = {
			isa = XCConfigurationList;
			buildConfigurations = (
				6B542E212A5D943000DA3121 /* Debug */,
				6B542E222A5D943000DA3121 /* Release */,
			);
			defaultConfigurationIsVisible = 0;
			defaultConfigurationName = Release;
		};
		6B542E232A5D943000DA3121 /* Build configuration list for PBXNativeTarget "Fructus" */ = {
			isa = XCConfigurationList;
			buildConfigurations = (
				6B542E242A5D943000DA3121 /* Debug */,
				6B542E252A5D943000DA3121 /* Release */,
			);
			defaultConfigurationIsVisible = 0;
			defaultConfigurationName = Release;
		};
/* End XCConfigurationList section */
	};
	rootObject = 6B542E0D2A5D942F00DA3121 /* Project object */;
}
